github.com/davecgh/go-spew v1.1.1 h1:vj9j/u1bqnvCEfJOwUhtlOARqs3+rkHYY13jYWTU97c=
github.com/davecgh/go-spew v1.1.1/go.mod h1:J7Y8YcW2NihsgmVo/mv3lAwl/skON4iLHjSsI+c5H38=
github.com/pmezard/go-difflib v1.0.0 h1:4DBwDE0NGyQoBHbLQYPwSUPoCMWR5BEzIk/f1lZbAQM=
github.com/pmezard/go-difflib v1.0.0/go.mod h1:iKH77koFhYxTK1pcRnkKkqfTogsbg7gZNVY4sRDYZ/4=
github.com/quic-go/qpack v0.6.0 h1:g7W+BMYynC1LbYLSqRt8PBg5Tgwxn214ZZR34VIOjz8=
github.com/quic-go/qpack v0.6.0/go.mod h1:lUpLKChi8njB4ty2bFLX2x4gzDqXwUpaO1DP9qMDZII=
github.com/stretchr/testify v1.9.0 h1:HtqpIVDClZ4nwg75+f6Lvsy/wHu+3BoSGCbBAcpTsTg=
github.com/stretchr/testify v1.9.0/go.mod h1:r2ic/lqez/lEtzL7wO/rwa5dbSLXVDPFyf8C91i36aY=
gnalloy.org/codec-compression v0.0.0-20260831155050-e50fc657ce98 h1:Hilym9O+lbWeRljPkltt4qPTVuvpHJ8AnPEnJbxDItw=
gnalloy.org/codec-compression v0.0.0-20260831155050-e50fc657ce98/go.mod h1:Y5Bk5clhC0i3lilHSjH1bxmc0Ls7fRqSvYf5mV0PXUw=
gnalloy.org/codec-http1 v0.0.0-20260831155325-667cf0239537 h1:VA1UHimrHonzOOpE4gIwDG0pQSGGKOwHwgzx1JXoVEc=
gnalloy.org/codec-http1 v0.0.0-20260831155325-667cf0239537/go.mod h1:3P7UGfCb5nkrdaL7KTdRN5yf4LCZBxBXUjntNmD2Ww4=
gnalloy.org/codec-http2 v0.0.0-20260831155500-3f718673813f h1:bVN6GD41VYSd8w2qrWEW8zNgGFNvimDMBFkbSvfAedI=
gnalloy.org/codec-http2 v0.0.0-20260831155500-3f718673813f/go.mod h1:HPHNoHJu/DMjfPsC/25acsVs2TF4D+lO4mRXjUDkhUY=
gnalloy.org/codec-http3 v0.0.0-20260831155517-be03d6916f81 h1:F898MYKxFmbSkz+TQMV2dCASLfP41nVOo2G77IA8v1Y=
gnalloy.org/codec-http3 v0.0.0-20260831155517-be03d6916f81/go.mod h1:92crEBwS/e4gpNyEIokXDmYi7tg1CJnhM3WI2gwsLsw=
gnalloy.org/codec-mqtt v0.0.0-20260831155652-dc0e87534d15 h1:ks9UK0RsyfYc2jSlTNq2jZ2fpViaBQGirXl9KIGS6xQ=
gnalloy.org/codec-mqtt v0.0.0-20260831155652-dc0e87534d15/go.mod h1:Gzn9t8vCHZLiLwONHWNqzZZLADKJBNREheUm/XPs5YU=
gnalloy.org/codec-websocket v0.0.0-20260831160450-2ba459767d68 h1:Fp6kdr6rJTzemNKxDWZuDHHFNX9LOl40F+DJcft1p5k=
gnalloy.org/codec-websocket v0.0.0-20260831160450-2ba459767d68/go.mod h1:G268nXJiEMxUheKkVc4XaSp0F4j0A1RuCq7pbxPI8IQ=
gnalloy.org/gnalloy v0.0.0-20260831153720-533bb39b2ad6 h1:YtIsp2u+paX8W0rCuIP71AUtjIC82OAXa0FVF8loNbk=
gnalloy.org/gnalloy v0.0.0-20260831153720-533bb39b2ad6/go.mod h1:Ahsh3ZG90dkm5gswMrAd+UYKeCXvFwY7pENPtNKJsuA=
gnalloy.org/handler-timeout v0.0.0-20260831155259-bee37c83cfa5 h1:JhONbLEQvE7fsxhbCGr/acR0OzF0CE7/ZJcEwL/0V5g=
gnalloy.org/handler-timeout v0.0.0-20260831155259-bee37c83cfa5/go.mod h1:1oL+FNI+0hcoip5BlEadaeAFVGy9wuPEoWFLof2MVTc=
golang.org/x/net v0.58.0 h1:ynWG7rqYi4ccpTEuPZ2QGWHktVEM9DMCj9yzDE0Q7To=
golang.org/x/net v0.58.0/go.mod h1:YwCddHnFlT7eLQqVprV19OnhLGtc5xOKgE0RyqgfWAU=
golang.org/x/sys v0.47.0 h1:o7XGOvZQCADBQQ4Y7VNq2dRWQR7JmOUW8Kxx4ZsNgWs=
golang.org/x/sys v0.47.0/go.mod h1:4GL1E5IUh+htKOUEOaiffhrAeqysfVGipDYzABqnCmw=
gopkg.in/yaml.v3 v3.0.1 h1:fxVm/GzAzEWqLHuvctI91KS9hhNmmWOoWu0XTYJS7CA=
gopkg.in/yaml.v3 v3.0.1/go.mod h1:K4uyk7z7BCEPqu6E+C64Yfv1cQ7kz7rIZviUmN+EgEM=
